
Microsoft Visual Studio Solution File, Format Version 12.00
# Visual Studio Version 17
VisualStudioVersion = 17.5.002.0
MinimumVisualStudioVersion = 10.0.40219.1
Project("{9A19103F-16F7-4668-BE54-9A1E7A4F7556}") = "csharp-websockets", "csharp-websockets.csproj", "{AF635C18-B9CC-4CDC-A8C2-1DFDA15C00C6}"
EndProject
Global
	GlobalSection(SolutionConfigurationPlatforms) = preSolution
		Debug|Any CPU = Debug|Any CPU
		Release|Any CPU = Release|Any CPU
	EndGlobalSection
	GlobalSection(ProjectConfigurationPlatforms) = postSolution
		{AF635C18-B9CC-4CDC-A8C2-1DFDA15C00C6}.Debug|Any CPU.ActiveCfg = Debug|Any CPU
		{AF635C18-B9CC-4CDC-A8C2-1DFDA15C00C6}.Debug|Any CPU.Build.0 = Debug|Any CPU
		{AF635C18-B9CC-4CDC-A8C2-1DFDA15C00C6}.Release|Any CPU.ActiveCfg = Release|Any CPU
		{AF635C18-B9CC-4CDC-A8C2-1DFDA15C00C6}.Release|Any CPU.Build.0 = Release|Any CPU
	EndGlobalSection
	GlobalSection(SolutionProperties) = preSolution
		HideSolutionNode = FALSE
	EndGlobalSection
	GlobalSection(ExtensibilityGlobals) = postSolution
		SolutionGuid = {62162987-7D88-4599-83AC-E8FB59A9DBAE}
	EndGlobalSection
EndGlobal
